PODS:
  - IQKeyboardManager (3.3.7)
  - ReactiveCocoa (2.4.7):
    - ReactiveCocoa/UI (= 2.4.7)
  - ReactiveCocoa/Core (2.4.7):
    - ReactiveCocoa/no-arc
  - ReactiveCocoa/no-arc (2.4.7)
  - ReactiveCocoa/UI (2.4.7):
    - ReactiveCocoa/Core
  - SDAutoLayout (1.50)

DEPENDENCIES:
  - IQKeyboardManager
  - ReactiveCocoa (~> 2.4.7)
  - SDAutoLayout (~> 1.50)

SPEC CHECKSUMS:
  IQKeyboardManager: 249c3946acf61345c18b038eb50863fe2793e3a8
  ReactiveCocoa: eb38dee0a0e698f73a9b25e5c1faea2bb4c79240
  SDAutoLayout: 88b539a0c6204787d8e4084ef1b0db250241cc47

COCOAPODS: 0.39.0
