// !$*UTF8*$!
{
	archiveVersion = 1;
	classes = {
	};
	objectVersion = 46;
	objects = {

/* Begin PBXBuildFile section */
		2A7A95311CA372330088F4C2 /* main.m in Sources */ = {isa = PBXBuildFile; fileRef = 2A7A95301CA372330088F4C2 /* main.m */; };
		2A7A95341CA372330088F4C2 /* AppDelegate.m in Sources */ = {isa = PBXBuildFile; fileRef = 2A7A95331CA372330088F4C2 /* AppDelegate.m */; };
		2A7A953C1CA372330088F4C2 /* Assets.xcassets in Resources */ = {isa = PBXBuildFile; fileRef = 2A7A953B1CA372330088F4C2 /* Assets.xcassets */; };
		2A7A953F1CA372330088F4C2 /* LaunchScreen.storyboard in Resources */ = {isa = PBXBuildFile; fileRef = 2A7A953D1CA372330088F4C2 /* LaunchScreen.storyboard */; };
		2A7A954A1CA372330088F4C2 /* iOS_ProTests.m in Sources */ = {isa = PBXBuildFile; fileRef = 2A7A95491CA372330088F4C2 /* iOS_ProTests.m */; };
		2A7A95551CA372330088F4C2 /* iOS_ProUITests.m in Sources */ = {isa = PBXBuildFile; fileRef = 2A7A95541CA372330088F4C2 /* iOS_ProUITests.m */; };
		2A7A95731CA386F00088F4C2 /* NSDictionaryUtil.m in Sources */ = {isa = PBXBuildFile; fileRef = 2A7A95701CA386F00088F4C2 /* NSDictionaryUtil.m */; };
		2A7A95741CA386F00088F4C2 /* NSMutableDictionary+Addition.m in Sources */ = {isa = PBXBuildFile; fileRef = 2A7A95721CA386F00088F4C2 /* NSMutableDictionary+Addition.m */; };
		2A7A957C1CA389630088F4C2 /* UITableView+SDAutoTableViewCellHeight.m in Sources */ = {isa = PBXBuildFile; fileRef = 2A7A95791CA389630088F4C2 /* UITableView+SDAutoTableViewCellHeight.m */; };
		2A7A957D1CA389630088F4C2 /* UIView+SDAutoLayout.m in Sources */ = {isa = PBXBuildFile; fileRef = 2A7A957B1CA389630088F4C2 /* UIView+SDAutoLayout.m */; };
		2A7A95811CA39B130088F4C2 /* UINavigationController+FDFullscreenPopGesture.m in Sources */ = {isa = PBXBuildFile; fileRef = 2A7A95801CA39B130088F4C2 /* UINavigationController+FDFullscreenPopGesture.m */; };
		2ACA0D4E1CACE44400DB6A60 /* BaseManager.m in Sources */ = {isa = PBXBuildFile; fileRef = 2ACA0D4D1CACE44400DB6A60 /* BaseManager.m */; };
		2ACA0D6C1CACE46800DB6A60 /* NSObject+SBJson.m in Sources */ = {isa = PBXBuildFile; fileRef = 2ACA0D521CACE46800DB6A60 /* NSObject+SBJson.m */; settings = {COMPILER_FLAGS = "-fno-objc-arc"; }; };
		2ACA0D6D1CACE46800DB6A60 /* NSString+SBJSON.m in Sources */ = {isa = PBXBuildFile; fileRef = 2ACA0D541CACE46800DB6A60 /* NSString+SBJSON.m */; };
		2ACA0D6E1CACE46800DB6A60 /* SBJsonParser.m in Sources */ = {isa = PBXBuildFile; fileRef = 2ACA0D571CACE46800DB6A60 /* SBJsonParser.m */; settings = {COMPILER_FLAGS = "-fno-objc-arc"; }; };
		2ACA0D6F1CACE46800DB6A60 /* SBJsonStreamParser.m in Sources */ = {isa = PBXBuildFile; fileRef = 2ACA0D591CACE46800DB6A60 /* SBJsonStreamParser.m */; };
		2ACA0D701CACE46800DB6A60 /* SBJsonStreamParserAccumulator.m in Sources */ = {isa = PBXBuildFile; fileRef = 2ACA0D5B1CACE46800DB6A60 /* SBJsonStreamParserAccumulator.m */; };
		2ACA0D711CACE46800DB6A60 /* SBJsonStreamParserAdapter.m in Sources */ = {isa = PBXBuildFile; fileRef = 2ACA0D5D1CACE46800DB6A60 /* SBJsonStreamParserAdapter.m */; };
		2ACA0D721CACE46800DB6A60 /* SBJsonStreamParserState.m in Sources */ = {isa = PBXBuildFile; fileRef = 2ACA0D5F1CACE46800DB6A60 /* SBJsonStreamParserState.m */; };
		2ACA0D731CACE46800DB6A60 /* SBJsonStreamWriter.m in Sources */ = {isa = PBXBuildFile; fileRef = 2ACA0D611CACE46800DB6A60 /* SBJsonStreamWriter.m */; };
		2ACA0D741CACE46800DB6A60 /* SBJsonStreamWriterAccumulator.m in Sources */ = {isa = PBXBuildFile; fileRef = 2ACA0D631CACE46800DB6A60 /* SBJsonStreamWriterAccumulator.m */; };
		2ACA0D751CACE46800DB6A60 /* SBJsonStreamWriterState.m in Sources */ = {isa = PBXBuildFile; fileRef = 2ACA0D651CACE46800DB6A60 /* SBJsonStreamWriterState.m */; };
		2ACA0D761CACE46800DB6A60 /* SBJsonTokeniser.m in Sources */ = {isa = PBXBuildFile; fileRef = 2ACA0D671CACE46800DB6A60 /* SBJsonTokeniser.m */; settings = {COMPILER_FLAGS = "-fno-objc-arc"; }; };
		2ACA0D771CACE46800DB6A60 /* SBJsonUTF8Stream.m in Sources */ = {isa = PBXBuildFile; fileRef = 2ACA0D691CACE46800DB6A60 /* SBJsonUTF8Stream.m */; settings = {COMPILER_FLAGS = "-fno-objc-arc"; }; };
		2ACA0D781CACE46800DB6A60 /* SBJsonWriter.m in Sources */ = {isa = PBXBuildFile; fileRef = 2ACA0D6B1CACE46800DB6A60 /* SBJsonWriter.m */; settings = {COMPILER_FLAGS = "-fno-objc-arc"; }; };
		2ACA0D7E1CACE54F00DB6A60 /* AccountModel.m in Sources */ = {isa = PBXBuildFile; fileRef = 2ACA0D7D1CACE54F00DB6A60 /* AccountModel.m */; };
		2ACA0D811CACE5F100DB6A60 /* AccountManager.m in Sources */ = {isa = PBXBuildFile; fileRef = 2ACA0D801CACE5F100DB6A60 /* AccountManager.m */; };
		2ACA0D861CACE7FB00DB6A60 /* LoginViewController.m in Sources */ = {isa = PBXBuildFile; fileRef = 2ACA0D851CACE7FB00DB6A60 /* LoginViewController.m */; };
		2ACA0D891CACE81900DB6A60 /* LoginViewModel.m in Sources */ = {isa = PBXBuildFile; fileRef = 2ACA0D881CACE81900DB6A60 /* LoginViewModel.m */; };
		2ACA0D8C1CACE9EA00DB6A60 /* headImage.JPG in Resources */ = {isa = PBXBuildFile; fileRef = 2ACA0D8B1CACE9EA00DB6A60 /* headImage.JPG */; };
		2AF563F71CACFB0B002C1B70 /* IQKeyboardManager.m in Sources */ = {isa = PBXBuildFile; fileRef = 2AF563F61CACFB0B002C1B70 /* IQKeyboardManager.m */; };
		2AF564091CACFED9002C1B70 /* SVIndefiniteAnimatedView.m in Sources */ = {isa = PBXBuildFile; fileRef = 2AF564041CACFED9002C1B70 /* SVIndefiniteAnimatedView.m */; };
		2AF5640A1CACFED9002C1B70 /* SVProgressHUD.bundle in Resources */ = {isa = PBXBuildFile; fileRef = 2AF564061CACFED9002C1B70 /* SVProgressHUD.bundle */; };
		2AF5640B1CACFED9002C1B70 /* SVProgressHUD.m in Sources */ = {isa = PBXBuildFile; fileRef = 2AF564081CACFED9002C1B70 /* SVProgressHUD.m */; };
		2AF5640F1CAD43E4002C1B70 /* PQActionSheet.m in Sources */ = {isa = PBXBuildFile; fileRef = 2AF5640E1CAD43E4002C1B70 /* PQActionSheet.m */; };
		C45301DB1CCDE224B5222B88 /* libPods.a in Frameworks */ = {isa = PBXBuildFile; fileRef = 8AD6FDB6895D8CC6920FEB29 /* libPods.a */; };
/* End PBXBuildFile section */

/* Begin PBXContainerItemProxy section */
		2A7A95461CA372330088F4C2 /* PBXContainerItemProxy */ = {
			isa = PBXContainerItemProxy;
			containerPortal = 2A7A95241CA372330088F4C2 /* Project object */;
			proxyType = 1;
			remoteGlobalIDString = 2A7A952B1CA372330088F4C2;
			remoteInfo = "iOS-Pro";
		};
		2A7A95511CA372330088F4C2 /* PBXContainerItemProxy */ = {
			isa = PBXContainerItemProxy;
			containerPortal = 2A7A95241CA372330088F4C2 /* Project object */;
			proxyType = 1;
			remoteGlobalIDString = 2A7A952B1CA372330088F4C2;
			remoteInfo = "iOS-Pro";
		};
/* End PBXContainerItemProxy section */

/* Begin PBXFileReference section */
		0C50F9493BE9D6478D21336F /* Pods.release.xcconfig */ = {isa = PBXFileReference; includeInIndex = 1; lastKnownFileType = text.xcconfig; name = Pods.release.xcconfig; path = "Pods/Target Support Files/Pods/Pods.release.xcconfig"; sourceTree = "<group>"; };
		2A71912B0B96D979B75F5ADD /* Pods.debug.xcconfig */ = {isa = PBXFileReference; includeInIndex = 1; lastKnownFileType = text.xcconfig; name = Pods.debug.xcconfig; path = "Pods/Target Support Files/Pods/Pods.debug.xcconfig"; sourceTree = "<group>"; };
		2A7A952C1CA372330088F4C2 /* iOS-Pro.app */ = {isa = PBXFileReference; explicitFileType = wrapper.application; includeInIndex = 0; path = "iOS-Pro.app"; sourceTree = BUILT_PRODUCTS_DIR; };
		2A7A95301CA372330088F4C2 /* main.m */ = {isa = PBXFileReference; lastKnownFileType = sourcecode.c.objc; path = main.m; sourceTree = "<group>"; };
		2A7A95321CA372330088F4C2 /* AppDelegate.h */ = {isa = PBXFileReference; lastKnownFileType = sourcecode.c.h; path = AppDelegate.h; sourceTree = "<group>"; };
		2A7A95331CA372330088F4C2 /* AppDelegate.m */ = {isa = PBXFileReference; lastKnownFileType = sourcecode.c.objc; path = AppDelegate.m; sourceTree = "<group>"; };
		2A7A953B1CA372330088F4C2 /* Assets.xcassets */ = {isa = PBXFileReference; lastKnownFileType = folder.assetcatalog; path = Assets.xcassets; sourceTree = "<group>"; };
		2A7A953E1CA372330088F4C2 /* Base */ = {isa = PBXFileReference; lastKnownFileType = file.storyboard; name = Base; path = Base.lproj/LaunchScreen.storyboard; sourceTree = "<group>"; };
		2A7A95401CA372330088F4C2 /* Info.plist */ = {isa = PBXFileReference; lastKnownFileType = text.plist.xml; path = Info.plist; sourceTree = "<group>"; };
		2A7A95451CA372330088F4C2 /* iOS-ProTests.xctest */ = {isa = PBXFileReference; explicitFileType = wrapper.cfbundle; includeInIndex = 0; path = "iOS-ProTests.xctest"; sourceTree = BUILT_PRODUCTS_DIR; };
		2A7A95491CA372330088F4C2 /* iOS_ProTests.m */ = {isa = PBXFileReference; lastKnownFileType = sourcecode.c.objc; path = iOS_ProTests.m; sourceTree = "<group>"; };
		2A7A954B1CA372330088F4C2 /* Info.plist */ = {isa = PBXFileReference; lastKnownFileType = text.plist.xml; path = Info.plist; sourceTree = "<group>"; };
		2A7A95501CA372330088F4C2 /* iOS-ProUITests.xctest */ = {isa = PBXFileReference; explicitFileType = wrapper.cfbundle; includeInIndex = 0; path = "iOS-ProUITests.xctest"; sourceTree = BUILT_PRODUCTS_DIR; };
		2A7A95541CA372330088F4C2 /* iOS_ProUITests.m */ = {isa = PBXFileReference; lastKnownFileType = sourcecode.c.objc; path = iOS_ProUITests.m; sourceTree = "<group>"; };
		2A7A95561CA372330088F4C2 /* Info.plist */ = {isa = PBXFileReference; lastKnownFileType = text.plist.xml; path = Info.plist; sourceTree = "<group>"; };
		2A7A95651CA377E50088F4C2 /* iOS-Pro.pch */ = {isa = PBXFileReference; lastKnownFileType = sourcecode.c.h; path = "iOS-Pro.pch"; sourceTree = "<group>"; };
		2A7A956F1CA386F00088F4C2 /* NSDictionaryUtil.h */ = {isa = PBXFileReference; fileEncoding = 4; lastKnownFileType = sourcecode.c.h; path = NSDictionaryUtil.h; sourceTree = "<group>"; };
		2A7A95701CA386F00088F4C2 /* NSDictionaryUtil.m */ = {isa = PBXFileReference; fileEncoding = 4; lastKnownFileType = sourcecode.c.objc; path = NSDictionaryUtil.m; sourceTree = "<group>"; };
		2A7A95711CA386F00088F4C2 /* NSMutableDictionary+Addition.h */ = {isa = PBXFileReference; fileEncoding = 4; lastKnownFileType = sourcecode.c.h; path = "NSMutableDictionary+Addition.h"; sourceTree = "<group>"; };
		2A7A95721CA386F00088F4C2 /* NSMutableDictionary+Addition.m */ = {isa = PBXFileReference; fileEncoding = 4; lastKnownFileType = sourcecode.c.objc; path = "NSMutableDictionary+Addition.m"; sourceTree = "<group>"; };
		2A7A95761CA3878B0088F4C2 /* SingletonTemplate.h */ = {isa = PBXFileReference; fileEncoding = 4; lastKnownFileType = sourcecode.c.h; path = SingletonTemplate.h; sourceTree = "<group>"; };
		2A7A95781CA389630088F4C2 /* UITableView+SDAutoTableViewCellHeight.h */ = {isa = PBXFileReference; fileEncoding = 4; lastKnownFileType = sourcecode.c.h; path = "UITableView+SDAutoTableViewCellHeight.h"; sourceTree = "<group>"; };
		2A7A95791CA389630088F4C2 /* UITableView+SDAutoTableViewCellHeight.m */ = {isa = PBXFileReference; fileEncoding = 4; lastKnownFileType = sourcecode.c.objc; path = "UITableView+SDAutoTableViewCellHeight.m"; sourceTree = "<group>"; };
		2A7A957A1CA389630088F4C2 /* UIView+SDAutoLayout.h */ = {isa = PBXFileReference; fileEncoding = 4; lastKnownFileType = sourcecode.c.h; path = "UIView+SDAutoLayout.h"; sourceTree = "<group>"; };
		2A7A957B1CA389630088F4C2 /* UIView+SDAutoLayout.m */ = {isa = PBXFileReference; fileEncoding = 4; lastKnownFileType = sourcecode.c.objc; path = "UIView+SDAutoLayout.m"; sourceTree = "<group>"; };
		2A7A957F1CA39B130088F4C2 /* UINavigationController+FDFullscreenPopGesture.h */ = {isa = PBXFileReference; fileEncoding = 4; lastKnownFileType = sourcecode.c.h; path = "UINavigationController+FDFullscreenPopGesture.h"; sourceTree = "<group>"; };
		2A7A95801CA39B130088F4C2 /* UINavigationController+FDFullscreenPopGesture.m */ = {isa = PBXFileReference; fileEncoding = 4; lastKnownFileType = sourcecode.c.objc; path = "UINavigationController+FDFullscreenPopGesture.m"; sourceTree = "<group>"; };
		2ACA0D4C1CACE44400DB6A60 /* BaseManager.h */ = {isa = PBXFileReference; fileEncoding = 4; lastKnownFileType = sourcecode.c.h; path = BaseManager.h; sourceTree = "<group>"; };
		2ACA0D4D1CACE44400DB6A60 /* BaseManager.m */ = {isa = PBXFileReference; fileEncoding = 4; lastKnownFileType = sourcecode.c.objc; path = BaseManager.m; sourceTree = "<group>"; };
		2ACA0D501CACE46800DB6A60 /* JSON.h */ = {isa = PBXFileReference; fileEncoding = 4; lastKnownFileType = sourcecode.c.h; path = JSON.h; sourceTree = "<group>"; };
		2ACA0D511CACE46800DB6A60 /* NSObject+SBJson.h */ = {isa = PBXFileReference; fileEncoding = 4; lastKnownFileType = sourcecode.c.h; path = "NSObject+SBJson.h"; sourceTree = "<group>"; };
		2ACA0D521CACE46800DB6A60 /* NSObject+SBJson.m */ = {isa = PBXFileReference; fileEncoding = 4; lastKnownFileType = sourcecode.c.objc; path = "NSObject+SBJson.m"; sourceTree = "<group>"; };
		2ACA0D531CACE46800DB6A60 /* NSString+SBJSON.h */ = {isa = PBXFileReference; fileEncoding = 4; lastKnownFileType = sourcecode.c.h; path = "NSString+SBJSON.h"; sourceTree = "<group>"; };
		2ACA0D541CACE46800DB6A60 /* NSString+SBJSON.m */ = {isa = PBXFileReference; fileEncoding = 4; lastKnownFileType = sourcecode.c.objc; path = "NSString+SBJSON.m"; sourceTree = "<group>"; };
		2ACA0D551CACE46800DB6A60 /* SBJson.h */ = {isa = PBXFileReference; fileEncoding = 4; lastKnownFileType = sourcecode.c.h; path = SBJson.h; sourceTree = "<group>"; };
		2ACA0D561CACE46800DB6A60 /* SBJsonParser.h */ = {isa = PBXFileReference; fileEncoding = 4; lastKnownFileType = sourcecode.c.h; path = SBJsonParser.h; sourceTree = "<group>"; };
		2ACA0D571CACE46800DB6A60 /* SBJsonParser.m */ = {isa = PBXFileReference; fileEncoding = 4; lastKnownFileType = sourcecode.c.objc; path = SBJsonParser.m; sourceTree = "<group>"; };
		2ACA0D581CACE46800DB6A60 /* SBJsonStreamParser.h */ = {isa = PBXFileReference; fileEncoding = 4; lastKnownFileType = sourcecode.c.h; path = SBJsonStreamParser.h; sourceTree = "<group>"; };
		2ACA0D591CACE46800DB6A60 /* SBJsonStreamParser.m */ = {isa = PBXFileReference; fileEncoding = 4; lastKnownFileType = sourcecode.c.objc; path = SBJsonStreamParser.m; sourceTree = "<group>"; };
		2ACA0D5A1CACE46800DB6A60 /* SBJsonStreamParserAccumulator.h */ = {isa = PBXFileReference; fileEncoding = 4; lastKnownFileType = sourcecode.c.h; path = SBJsonStreamParserAccumulator.h; sourceTree = "<group>"; };
		2ACA0D5B1CACE46800DB6A60 /* SBJsonStreamParserAccumulator.m */ = {isa = PBXFileReference; fileEncoding = 4; lastKnownFileType = sourcecode.c.objc; path = SBJsonStreamParserAccumulator.m; sourceTree = "<group>"; };
		2ACA0D5C1CACE46800DB6A60 /* SBJsonStreamParserAdapter.h */ = {isa = PBXFileReference; fileEncoding = 4; lastKnownFileType = sourcecode.c.h; path = SBJsonStreamParserAdapter.h; sourceTree = "<group>"; };
		2ACA0D5D1CACE46800DB6A60 /* SBJsonStreamParserAdapter.m */ = {isa = PBXFileReference; fileEncoding = 4; lastKnownFileType = sourcecode.c.objc; path = SBJsonStreamParserAdapter.m; sourceTree = "<group>"; };
		2ACA0D5E1CACE46800DB6A60 /* SBJsonStreamParserState.h */ = {isa = PBXFileReference; fileEncoding = 4; lastKnownFileType = sourcecode.c.h; path = SBJsonStreamParserState.h; sourceTree = "<group>"; };
		2ACA0D5F1CACE46800DB6A60 /* SBJsonStreamParserState.m */ = {isa = PBXFileReference; fileEncoding = 4; lastKnownFileType = sourcecode.c.objc; path = SBJsonStreamParserState.m; sourceTree = "<group>"; };
		2ACA0D601CACE46800DB6A60 /* SBJsonStreamWriter.h */ = {isa = PBXFileReference; fileEncoding = 4; lastKnownFileType = sourcecode.c.h; path = SBJsonStreamWriter.h; sourceTree = "<group>"; };
		2ACA0D611CACE46800DB6A60 /* SBJsonStreamWriter.m */ = {isa = PBXFileReference; fileEncoding = 4; lastKnownFileType = sourcecode.c.objc; path = SBJsonStreamWriter.m; sourceTree = "<group>"; };
		2ACA0D621CACE46800DB6A60 /* SBJsonStreamWriterAccumulator.h */ = {isa = PBXFileReference; fileEncoding = 4; lastKnownFileType = sourcecode.c.h; path = SBJsonStreamWriterAccumulator.h; sourceTree = "<group>"; };
		2ACA0D631CACE46800DB6A60 /* SBJsonStreamWriterAccumulator.m */ = {isa = PBXFileReference; fileEncoding = 4; lastKnownFileType = sourcecode.c.objc; path = SBJsonStreamWriterAccumulator.m; sourceTree = "<group>"; };
		2ACA0D641CACE46800DB6A60 /* SBJsonStreamWriterState.h */ = {isa = PBXFileReference; fileEncoding = 4; lastKnownFileType = sourcecode.c.h; path = SBJsonStreamWriterState.h; sourceTree = "<group>"; };
		2ACA0D651CACE46800DB6A60 /* SBJsonStreamWriterState.m */ = {isa = PBXFileReference; fileEncoding = 4; lastKnownFileType = sourcecode.c.objc; path = SBJsonStreamWriterState.m; sourceTree = "<group>"; };
		2ACA0D661CACE46800DB6A60 /* SBJsonTokeniser.h */ = {isa = PBXFileReference; fileEncoding = 4; lastKnownFileType = sourcecode.c.h; path = SBJsonTokeniser.h; sourceTree = "<group>"; };
		2ACA0D671CACE46800DB6A60 /* SBJsonTokeniser.m */ = {isa = PBXFileReference; fileEncoding = 4; lastKnownFileType = sourcecode.c.objc; path = SBJsonTokeniser.m; sourceTree = "<group>"; };
		2ACA0D681CACE46800DB6A60 /* SBJsonUTF8Stream.h */ = {isa = PBXFileReference; fileEncoding = 4; lastKnownFileType = sourcecode.c.h; path = SBJsonUTF8Stream.h; sourceTree = "<group>"; };
		2ACA0D691CACE46800DB6A60 /* SBJsonUTF8Stream.m */ = {isa = PBXFileReference; fileEncoding = 4; lastKnownFileType = sourcecode.c.objc; path = SBJsonUTF8Stream.m; sourceTree = "<group>"; };
		2ACA0D6A1CACE46800DB6A60 /* SBJsonWriter.h */ = {isa = PBXFileReference; fileEncoding = 4; lastKnownFileType = sourcecode.c.h; path = SBJsonWriter.h; sourceTree = "<group>"; };
		2ACA0D6B1CACE46800DB6A60 /* SBJsonWriter.m */ = {isa = PBXFileReference; fileEncoding = 4; lastKnownFileType = sourcecode.c.objc; path = SBJsonWriter.m; sourceTree = "<group>"; };
		2ACA0D7C1CACE54F00DB6A60 /* AccountModel.h */ = {isa = PBXFileReference; fileEncoding = 4; lastKnownFileType = sourcecode.c.h; path = AccountModel.h; sourceTree = "<group>"; };
		2ACA0D7D1CACE54F00DB6A60 /* AccountModel.m */ = {isa = PBXFileReference; fileEncoding = 4; lastKnownFileType = sourcecode.c.objc; path = AccountModel.m; sourceTree = "<group>"; };
		2ACA0D7F1CACE5F100DB6A60 /* AccountManager.h */ = {isa = PBXFileReference; fileEncoding = 4; lastKnownFileType = sourcecode.c.h; path = AccountManager.h; sourceTree = "<group>"; };
		2ACA0D801CACE5F100DB6A60 /* AccountManager.m */ = {isa = PBXFileReference; fileEncoding = 4; lastKnownFileType = sourcecode.c.objc; path = AccountManager.m; sourceTree = "<group>"; };
		2ACA0D841CACE7FB00DB6A60 /* LoginViewController.h */ = {isa = PBXFileReference; fileEncoding = 4; lastKnownFileType = sourcecode.c.h; path = LoginViewController.h; sourceTree = "<group>"; };
		2ACA0D851CACE7FB00DB6A60 /* LoginViewController.m */ = {isa = PBXFileReference; fileEncoding = 4; lastKnownFileType = sourcecode.c.objc; path = LoginViewController.m; sourceTree = "<group>"; };
		2ACA0D871CACE81900DB6A60 /* LoginViewModel.h */ = {isa = PBXFileReference; fileEncoding = 4; lastKnownFileType = sourcecode.c.h; path = LoginViewModel.h; sourceTree = "<group>"; };
		2ACA0D881CACE81900DB6A60 /* LoginViewModel.m */ = {isa = PBXFileReference; fileEncoding = 4; lastKnownFileType = sourcecode.c.objc; path = LoginViewModel.m; sourceTree = "<group>"; };
		2ACA0D8B1CACE9EA00DB6A60 /* headImage.JPG */ = {isa = PBXFileReference; lastKnownFileType = image.jpeg; path = headImage.JPG; sourceTree = "<group>"; };
		2AF563F51CACFB0B002C1B70 /* IQKeyboardManager.h */ = {isa = PBXFileReference; fileEncoding = 4; lastKnownFileType = sourcecode.c.h; path = IQKeyboardManager.h; sourceTree = "<group>"; };
		2AF563F61CACFB0B002C1B70 /* IQKeyboardManager.m */ = {isa = PBXFileReference; fileEncoding = 4; lastKnownFileType = sourcecode.c.objc; path = IQKeyboardManager.m; sourceTree = "<group>"; };
		2AF564031CACFED9002C1B70 /* SVIndefiniteAnimatedView.h */ = {isa = PBXFileReference; fileEncoding = 4; lastKnownFileType = sourcecode.c.h; path = SVIndefiniteAnimatedView.h; sourceTree = "<group>"; };
		2AF564041CACFED9002C1B70 /* SVIndefiniteAnimatedView.m */ = {isa = PBXFileReference; fileEncoding = 4; lastKnownFileType = sourcecode.c.objc; path = SVIndefiniteAnimatedView.m; sourceTree = "<group>"; };
		2AF564051CACFED9002C1B70 /* SVProgressHUD-Prefix.pch */ = {isa = PBXFileReference; fileEncoding = 4; lastKnownFileType = sourcecode.c.h; path = "SVProgressHUD-Prefix.pch"; sourceTree = "<group>"; };
		2AF564061CACFED9002C1B70 /* SVProgressHUD.bundle */ = {isa = PBXFileReference; lastKnownFileType = "wrapper.plug-in"; path = SVProgressHUD.bundle; sourceTree = "<group>"; };
		2AF564071CACFED9002C1B70 /* SVProgressHUD.h */ = {isa = PBXFileReference; fileEncoding = 4; lastKnownFileType = sourcecode.c.h; path = SVProgressHUD.h; sourceTree = "<group>"; };
		2AF564081CACFED9002C1B70 /* SVProgressHUD.m */ = {isa = PBXFileReference; fileEncoding = 4; lastKnownFileType = sourcecode.c.objc; path = SVProgressHUD.m; sourceTree = "<group>"; };
		2AF5640D1CAD43E4002C1B70 /* PQActionSheet.h */ = {isa = PBXFileReference; fileEncoding = 4; lastKnownFileType = sourcecode.c.h; path = PQActionSheet.h; sourceTree = "<group>"; };
		2AF5640E1CAD43E4002C1B70 /* PQActionSheet.m */ = {isa = PBXFileReference; fileEncoding = 4; lastKnownFileType = sourcecode.c.objc; path = PQActionSheet.m; sourceTree = "<group>"; };
		8AD6FDB6895D8CC6920FEB29 /* libPods.a */ = {isa = PBXFileReference; explicitFileType = archive.ar; includeInIndex = 0; path = libPods.a; sourceTree = BUILT_PRODUCTS_DIR; };
/* End PBXFileReference section */

/* Begin PBXFrameworksBuildPhase section */
		2A7A95291CA372330088F4C2 /* Frameworks */ = {
			isa = PBXFrameworksBuildPhase;
			buildActionMask = 2147483647;
			files = (
				C45301DB1CCDE224B5222B88 /* libPods.a in Frameworks */,
			);
			runOnlyForDeploymentPostprocessing = 0;
		};
		2A7A95421CA372330088F4C2 /* Frameworks */ = {
			isa = PBXFrameworksBuildPhase;
			buildActionMask = 2147483647;
			files = (
			);
			runOnlyForDeploymentPostprocessing = 0;
		};
		2A7A954D1CA372330088F4C2 /* Frameworks */ = {
			isa = PBXFrameworksBuildPhase;
			buildActionMask = 2147483647;
			files = (
			);
			runOnlyForDeploymentPostprocessing = 0;
		};
/* End PBXFrameworksBuildPhase section */

/* Begin PBXGroup section */
		0A06A0CD7D768BDD95D3C5EC /* Pods */ = {
			isa = PBXGroup;
			children = (
				2A71912B0B96D979B75F5ADD /* Pods.debug.xcconfig */,
				0C50F9493BE9D6478D21336F /* Pods.release.xcconfig */,
			);
			name = Pods;
			sourceTree = "<group>";
		};
		2A7A95231CA372330088F4C2 = {
			isa = PBXGroup;
			children = (
				2A7A952E1CA372330088F4C2 /* iOS-Pro */,
				2A7A95481CA372330088F4C2 /* iOS-ProTests */,
				2A7A95531CA372330088F4C2 /* iOS-ProUITests */,
				2A7A952D1CA372330088F4C2 /* Products */,
				0A06A0CD7D768BDD95D3C5EC /* Pods */,
				AE3CED5E2C43CC973529333F /* Frameworks */,
			);
			sourceTree = "<group>";
		};
		2A7A952D1CA372330088F4C2 /* Products */ = {
			isa = PBXGroup;
			children = (
				2A7A952C1CA372330088F4C2 /* iOS-Pro.app */,
				2A7A95451CA372330088F4C2 /* iOS-ProTests.xctest */,
				2A7A95501CA372330088F4C2 /* iOS-ProUITests.xctest */,
			);
			name = Products;
			sourceTree = "<group>";
		};
		2A7A952E1CA372330088F4C2 /* iOS-Pro */ = {
			isa = PBXGroup;
			children = (
				2A7A95651CA377E50088F4C2 /* iOS-Pro.pch */,
				2A7A95321CA372330088F4C2 /* AppDelegate.h */,
				2A7A95331CA372330088F4C2 /* AppDelegate.m */,
				2A7A95681CA385180088F4C2 /* Utils */,
				2ACA0D8A1CACE9E000DB6A60 /* Images */,
				2A7A95661CA385180088F4C2 /* Managers */,
				2A7A95671CA385180088F4C2 /* Models */,
				2A7A95691CA385180088F4C2 /* ViewControllers */,
				2A7A956A1CA385180088F4C2 /* ViewModels */,
				2A7A952F1CA372330088F4C2 /* Supporting Files */,
			);
			path = "iOS-Pro";
			sourceTree = "<group>";
		};
		2A7A952F1CA372330088F4C2 /* Supporting Files */ = {
			isa = PBXGroup;
			children = (
				2A7A953B1CA372330088F4C2 /* Assets.xcassets */,
				2A7A953D1CA372330088F4C2 /* LaunchScreen.storyboard */,
				2A7A95401CA372330088F4C2 /* Info.plist */,
				2A7A95301CA372330088F4C2 /* main.m */,
			);
			name = "Supporting Files";
			sourceTree = "<group>";
		};
		2A7A95481CA372330088F4C2 /* iOS-ProTests */ = {
			isa = PBXGroup;
			children = (
				2A7A95491CA372330088F4C2 /* iOS_ProTests.m */,
				2A7A954B1CA372330088F4C2 /* Info.plist */,
			);
			path = "iOS-ProTests";
			sourceTree = "<group>";
		};
		2A7A95531CA372330088F4C2 /* iOS-ProUITests */ = {
			isa = PBXGroup;
			children = (
				2A7A95541CA372330088F4C2 /* iOS_ProUITests.m */,
				2A7A95561CA372330088F4C2 /* Info.plist */,
			);
			path = "iOS-ProUITests";
			sourceTree = "<group>";
		};
		2A7A95661CA385180088F4C2 /* Managers */ = {
			isa = PBXGroup;
			children = (
				2ACA0D4C1CACE44400DB6A60 /* BaseManager.h */,
				2ACA0D4D1CACE44400DB6A60 /* BaseManager.m */,
				2ACA0D7F1CACE5F100DB6A60 /* AccountManager.h */,
				2ACA0D801CACE5F100DB6A60 /* AccountManager.m */,
			);
			path = Managers;
			sourceTree = "<group>";
		};
		2A7A95671CA385180088F4C2 /* Models */ = {
			isa = PBXGroup;
			children = (
				2ACA0D7C1CACE54F00DB6A60 /* AccountModel.h */,
				2ACA0D7D1CACE54F00DB6A60 /* AccountModel.m */,
			);
			path = Models;
			sourceTree = "<group>";
		};
		2A7A95681CA385180088F4C2 /* Utils */ = {
			isa = PBXGroup;
			children = (
				2AF5640C1CAD43E4002C1B70 /* PQActionSheet */,
				2AF564021CACFED9002C1B70 /* SVProgressHUD */,
				2AF563F41CACFB0B002C1B70 /* KeyboardManager */,
				2ACA0D4F1CACE46800DB6A60 /* JSON */,
				2A7A957E1CA39B0D0088F4C2 /* FullScreenPopGesture */,
				2A7A95771CA389030088F4C2 /* CGHAutoLayout */,
				2A7A95751CA3878B0088F4C2 /* SingleTon */,
				2A7A956E1CA386E90088F4C2 /* DictionaryUtil */,
			);
			path = Utils;
			sourceTree = "<group>";
		};
		2A7A95691CA385180088F4C2 /* ViewControllers */ = {
			isa = PBXGroup;
			children = (
				2ACA0D821CACE79200DB6A60 /* LoginViewController */,
			);
			path = ViewControllers;
			sourceTree = "<group>";
		};
		2A7A956A1CA385180088F4C2 /* ViewModels */ = {
			isa = PBXGroup;
			children = (
				2ACA0D871CACE81900DB6A60 /* LoginViewModel.h */,
				2ACA0D881CACE81900DB6A60 /* LoginViewModel.m */,
			);
			path = ViewModels;
			sourceTree = "<group>";
		};
		2A7A956E1CA386E90088F4C2 /* DictionaryUtil */ = {
			isa = PBXGroup;
			children = (
				2A7A956F1CA386F00088F4C2 /* NSDictionaryUtil.h */,
				2A7A95701CA386F00088F4C2 /* NSDictionaryUtil.m */,
				2A7A95711CA386F00088F4C2 /* NSMutableDictionary+Addition.h */,
				2A7A95721CA386F00088F4C2 /* NSMutableDictionary+Addition.m */,
			);
			path = DictionaryUtil;
			sourceTree = "<group>";
		};
		2A7A95751CA3878B0088F4C2 /* SingleTon */ = {
			isa = PBXGroup;
			children = (
				2A7A95761CA3878B0088F4C2 /* SingletonTemplate.h */,
			);
			path = SingleTon;
			sourceTree = "<group>";
		};
		2A7A95771CA389030088F4C2 /* CGHAutoLayout */ = {
			isa = PBXGroup;
			children = (
				2A7A95781CA389630088F4C2 /* UITableView+SDAutoTableViewCellHeight.h */,
				2A7A95791CA389630088F4C2 /* UITableView+SDAutoTableViewCellHeight.m */,
				2A7A957A1CA389630088F4C2 /* UIView+SDAutoLayout.h */,
				2A7A957B1CA389630088F4C2 /* UIView+SDAutoLayout.m */,
			);
			path = CGHAutoLayout;
			sourceTree = "<group>";
		};
		2A7A957E1CA39B0D0088F4C2 /* FullScreenPopGesture */ = {
			isa = PBXGroup;
			children = (
				2A7A957F1CA39B130088F4C2 /* UINavigationController+FDFullscreenPopGesture.h */,
				2A7A95801CA39B130088F4C2 /* UINavigationController+FDFullscreenPopGesture.m */,
			);
			path = FullScreenPopGesture;
			sourceTree = "<group>";
		};
		2ACA0D4F1CACE46800DB6A60 /* JSON */ = {
			isa = PBXGroup;
			children = (
				2ACA0D501CACE46800DB6A60 /* JSON.h */,
				2ACA0D511CACE46800DB6A60 /* NSObject+SBJson.h */,
				2ACA0D521CACE46800DB6A60 /* NSObject+SBJson.m */,
				2ACA0D531CACE46800DB6A60 /* NSString+SBJSON.h */,
				2ACA0D541CACE46800DB6A60 /* NSString+SBJSON.m */,
				2ACA0D551CACE46800DB6A60 /* SBJson.h */,
				2ACA0D561CACE46800DB6A60 /* SBJsonParser.h */,
				2ACA0D571CACE46800DB6A60 /* SBJsonParser.m */,
				2ACA0D581CACE46800DB6A60 /* SBJsonStreamParser.h */,
				2ACA0D591CACE46800DB6A60 /* SBJsonStreamParser.m */,
				2ACA0D5A1CACE46800DB6A60 /* SBJsonStreamParserAccumulator.h */,
				2ACA0D5B1CACE46800DB6A60 /* SBJsonStreamParserAccumulator.m */,
				2ACA0D5C1CACE46800DB6A60 /* SBJsonStreamParserAdapter.h */,
				2ACA0D5D1CACE46800DB6A60 /* SBJsonStreamParserAdapter.m */,
				2ACA0D5E1CACE46800DB6A60 /* SBJsonStreamParserState.h */,
				2ACA0D5F1CACE46800DB6A60 /* SBJsonStreamParserState.m */,
				2ACA0D601CACE46800DB6A60 /* SBJsonStreamWriter.h */,
				2ACA0D611CACE46800DB6A60 /* SBJsonStreamWriter.m */,
				2ACA0D621CACE46800DB6A60 /* SBJsonStreamWriterAccumulator.h */,
				2ACA0D631CACE46800DB6A60 /* SBJsonStreamWriterAccumulator.m */,
				2ACA0D641CACE46800DB6A60 /* SBJsonStreamWriterState.h */,
				2ACA0D651CACE46800DB6A60 /* SBJsonStreamWriterState.m */,
				2ACA0D661CACE46800DB6A60 /* SBJsonTokeniser.h */,
				2ACA0D671CACE46800DB6A60 /* SBJsonTokeniser.m */,
				2ACA0D681CACE46800DB6A60 /* SBJsonUTF8Stream.h */,
				2ACA0D691CACE46800DB6A60 /* SBJsonUTF8Stream.m */,
				2ACA0D6A1CACE46800DB6A60 /* SBJsonWriter.h */,
				2ACA0D6B1CACE46800DB6A60 /* SBJsonWriter.m */,
			);
			path = JSON;
			sourceTree = "<group>";
		};
		2ACA0D821CACE79200DB6A60 /* LoginViewController */ = {
			isa = PBXGroup;
			children = (
				2ACA0D841CACE7FB00DB6A60 /* LoginViewController.h */,
				2ACA0D851CACE7FB00DB6A60 /* LoginViewController.m */,
			);
			path = LoginViewController;
			sourceTree = "<group>";
		};
		2ACA0D8A1CACE9E000DB6A60 /* Images */ = {
			isa = PBXGroup;
			children = (
				2ACA0D8B1CACE9EA00DB6A60 /* headImage.JPG */,
			);
			path = Images;
			sourceTree = "<group>";
		};
		2AF563F41CACFB0B002C1B70 /* KeyboardManager */ = {
			isa = PBXGroup;
			children = (
				2AF563F51CACFB0B002C1B70 /* IQKeyboardManager.h */,
				2AF563F61CACFB0B002C1B70 /* IQKeyboardManager.m */,
			);
			path = KeyboardManager;
			sourceTree = "<group>";
		};
		2AF564021CACFED9002C1B70 /* SVProgressHUD */ = {
			isa = PBXGroup;
			children = (
				2AF564031CACFED9002C1B70 /* SVIndefiniteAnimatedView.h */,
				2AF564041CACFED9002C1B70 /* SVIndefiniteAnimatedView.m */,
				2AF564051CACFED9002C1B70 /* SVProgressHUD-Prefix.pch */,
				2AF564061CACFED9002C1B70 /* SVProgressHUD.bundle */,
				2AF564071CACFED9002C1B70 /* SVProgressHUD.h */,
				2AF564081CACFED9002C1B70 /* SVProgressHUD.m */,
			);
			path = SVProgressHUD;
			sourceTree = "<group>";
		};
		2AF5640C1CAD43E4002C1B70 /* PQActionSheet */ = {
			isa = PBXGroup;
			children = (
				2AF5640D1CAD43E4002C1B70 /* PQActionSheet.h */,
				2AF5640E1CAD43E4002C1B70 /* PQActionSheet.m */,
			);
			path = PQActionSheet;
			sourceTree = "<group>";
		};
		AE3CED5E2C43CC973529333F /* Frameworks */ = {
			isa = PBXGroup;
			children = (
				8AD6FDB6895D8CC6920FEB29 /* libPods.a */,
			);
			name = Frameworks;
			sourceTree = "<group>";
		};
/* End PBXGroup section */

/* Begin PBXNativeTarget section */
		2A7A952B1CA372330088F4C2 /* iOS-Pro */ = {
			isa = PBXNativeTarget;
			buildConfigurationList = 2A7A95591CA372330088F4C2 /* Build configuration list for PBXNativeTarget "iOS-Pro" */;
			buildPhases = (
				1A9B8B3C3F7201796E010F1F /* Check Pods Manifest.lock */,
				2A7A95281CA372330088F4C2 /* Sources */,
				2A7A95291CA372330088F4C2 /* Frameworks */,
				2A7A952A1CA372330088F4C2 /* Resources */,
				23FFA6597287CB75D53FEDFF /* Embed Pods Frameworks */,
				7C6CB20CAF641E623307F5A1 /* Copy Pods Resources */,
			);
			buildRules = (
			);
			dependencies = (
			);
			name = "iOS-Pro";
			productName = "iOS-Pro";
			productReference = 2A7A952C1CA372330088F4C2 /* iOS-Pro.app */;
			productType = "com.apple.product-type.application";
		};
		2A7A95441CA372330088F4C2 /* iOS-ProTests */ = {
			isa = PBXNativeTarget;
			buildConfigurationList = 2A7A955C1CA372330088F4C2 /* Build configuration list for PBXNativeTarget "iOS-ProTests" */;
			buildPhases = (
				2A7A95411CA372330088F4C2 /* Sources */,
				2A7A95421CA372330088F4C2 /* Frameworks */,
				2A7A95431CA372330088F4C2 /* Resources */,
			);
			buildRules = (
			);
			dependencies = (
				2A7A95471CA372330088F4C2 /* PBXTargetDependency */,
			);
			name = "iOS-ProTests";
			productName = "iOS-ProTests";
			productReference = 2A7A95451CA372330088F4C2 /* iOS-ProTests.xctest */;
			productType = "com.apple.product-type.bundle.unit-test";
		};
		2A7A954F1CA372330088F4C2 /* iOS-ProUITests */ = {
			isa = PBXNativeTarget;
			buildConfigurationList = 2A7A955F1CA372330088F4C2 /* Build configuration list for PBXNativeTarget "iOS-ProUITests" */;
			buildPhases = (
				2A7A954C1CA372330088F4C2 /* Sources */,
				2A7A954D1CA372330088F4C2 /* Frameworks */,
				2A7A954E1CA372330088F4C2 /* Resources */,
			);
			buildRules = (
			);
			dependencies = (
				2A7A95521CA372330088F4C2 /* PBXTargetDependency */,
			);
			name = "iOS-ProUITests";
			productName = "iOS-ProUITests";
			productReference = 2A7A95501CA372330088F4C2 /* iOS-ProUITests.xctest */;
			productType = "com.apple.product-type.bundle.ui-testing";
		};
/* End PBXNativeTarget section */

/* Begin PBXProject section */
		2A7A95241CA372330088F4C2 /* Project object */ = {
			isa = PBXProject;
			attributes = {
				LastUpgradeCheck = 0720;
				ORGANIZATIONNAME = caigehui;
				TargetAttributes = {
					2A7A952B1CA372330088F4C2 = {
						CreatedOnToolsVersion = 7.2;
					};
					2A7A95441CA372330088F4C2 = {
						CreatedOnToolsVersion = 7.2;
						TestTargetID = 2A7A952B1CA372330088F4C2;
					};
					2A7A954F1CA372330088F4C2 = {
						CreatedOnToolsVersion = 7.2;
						TestTargetID = 2A7A952B1CA372330088F4C2;
					};
				};
			};
			buildConfigurationList = 2A7A95271CA372330088F4C2 /* Build configuration list for PBXProject "iOS-Pro" */;
			compatibilityVersion = "Xcode 3.2";
			developmentRegion = English;
			hasScannedForEncodings = 0;
			knownRegions = (
				en,
				Base,
			);
			mainGroup = 2A7A95231CA372330088F4C2;
			productRefGroup = 2A7A952D1CA372330088F4C2 /* Products */;
			projectDirPath = "";
			projectRoot = "";
			targets = (
				2A7A952B1CA372330088F4C2 /* iOS-Pro */,
				2A7A95441CA372330088F4C2 /* iOS-ProTests */,
				2A7A954F1CA372330088F4C2 /* iOS-ProUITests */,
			);
		};
/* End PBXProject section */

/* Begin PBXResourcesBuildPhase section */
		2A7A952A1CA372330088F4C2 /* Resources */ = {
			isa = PBXResourcesBuildPhase;
			buildActionMask = 2147483647;
			files = (
				2ACA0D8C1CACE9EA00DB6A60 /* headImage.JPG in Resources */,
				2A7A953F1CA372330088F4C2 /* LaunchScreen.storyboard in Resources */,
				2A7A953C1CA372330088F4C2 /* Assets.xcassets in Resources */,
				2AF5640A1CACFED9002C1B70 /* SVProgressHUD.bundle in Resources */,
			);
			runOnlyForDeploymentPostprocessing = 0;
		};
		2A7A95431CA372330088F4C2 /* Resources */ = {
			isa = PBXResourcesBuildPhase;
			buildActionMask = 2147483647;
			files = (
			);
			runOnlyForDeploymentPostprocessing = 0;
		};
		2A7A954E1CA372330088F4C2 /* Resources */ = {
			isa = PBXResourcesBuildPhase;
			buildActionMask = 2147483647;
			files = (
			);
			runOnlyForDeploymentPostprocessing = 0;
		};
/* End PBXResourcesBuildPhase section */

/* Begin PBXShellScriptBuildPhase section */
		1A9B8B3C3F7201796E010F1F /* Check Pods Manifest.lock */ = {
			isa = PBXShellScriptBuildPhase;
			buildActionMask = 2147483647;
			files = (
			);
			inputPaths = (
			);
			name = "Check Pods Manifest.lock";
			outputPaths = (
			);
			runOnlyForDeploymentPostprocessing = 0;
			shellPath = /bin/sh;
			shellScript = "diff \"${PODS_ROOT}/../Podfile.lock\" \"${PODS_ROOT}/Manifest.lock\" > /dev/null\nif [[ $? != 0 ]] ; then\n    cat << EOM\nerror: The sandbox is not in sync with the Podfile.lock. Run 'pod install' or update your CocoaPods installation.\nEOM\n    exit 1\nfi\n";
			showEnvVarsInLog = 0;
		};
		23FFA6597287CB75D53FEDFF /* Embed Pods Frameworks */ = {
			isa = PBXShellScriptBuildPhase;
			buildActionMask = 2147483647;
			files = (
			);
			inputPaths = (
			);
			name = "Embed Pods Frameworks";
			outputPaths = (
			);
			runOnlyForDeploymentPostprocessing = 0;
			shellPath = /bin/sh;
			shellScript = "\"${SRCROOT}/Pods/Target Support Files/Pods/Pods-frameworks.sh\"\n";
			showEnvVarsInLog = 0;
		};
		7C6CB20CAF641E623307F5A1 /* Copy Pods Resources */ = {
			isa = PBXShellScriptBuildPhase;
			buildActionMask = 2147483647;
			files = (
			);
			inputPaths = (
			);
			name = "Copy Pods Resources";
			outputPaths = (
			);
			runOnlyForDeploymentPostprocessing = 0;
			shellPath = /bin/sh;
			shellScript = "\"${SRCROOT}/Pods/Target Support Files/Pods/Pods-resources.sh\"\n";
			showEnvVarsInLog = 0;
		};
/* End PBXShellScriptBuildPhase section */

/* Begin PBXSourcesBuildPhase section */
		2A7A95281CA372330088F4C2 /* Sources */ = {
			isa = PBXSourcesBuildPhase;
			buildActionMask = 2147483647;
			files = (
				2ACA0D751CACE46800DB6A60 /* SBJsonStreamWriterState.m in Sources */,
				2ACA0D6F1CACE46800DB6A60 /* SBJsonStreamParser.m in Sources */,
				2ACA0D891CACE81900DB6A60 /* LoginViewModel.m in Sources */,
				2A7A957D1CA389630088F4C2 /* UIView+SDAutoLayout.m in Sources */,
				2ACA0D861CACE7FB00DB6A60 /* LoginViewController.m in Sources */,
				2A7A95811CA39B130088F4C2 /* UINavigationController+FDFullscreenPopGesture.m in Sources */,
				2ACA0D4E1CACE44400DB6A60 /* BaseManager.m in Sources */,
				2A7A95741CA386F00088F4C2 /* NSMutableDictionary+Addition.m in Sources */,
				2ACA0D731CACE46800DB6A60 /* SBJsonStreamWriter.m in Sources */,
				2A7A95341CA372330088F4C2 /* AppDelegate.m in Sources */,
				2AF563F71CACFB0B002C1B70 /* IQKeyboardManager.m in Sources */,
				2ACA0D741CACE46800DB6A60 /* SBJsonStreamWriterAccumulator.m in Sources */,
				2A7A95731CA386F00088F4C2 /* NSDictionaryUtil.m in Sources */,
				2ACA0D811CACE5F100DB6A60 /* AccountManager.m in Sources */,
				2ACA0D771CACE46800DB6A60 /* SBJsonUTF8Stream.m in Sources */,
				2ACA0D761CACE46800DB6A60 /* SBJsonTokeniser.m in Sources */,
				2ACA0D781CACE46800DB6A60 /* SBJsonWriter.m in Sources */,
				2AF5640B1CACFED9002C1B70 /* SVProgressHUD.m in Sources */,
				2ACA0D7E1CACE54F00DB6A60 /* AccountModel.m in Sources */,
				2A7A957C1CA389630088F4C2 /* UITableView+SDAutoTableViewCellHeight.m in Sources */,
				2ACA0D6C1CACE46800DB6A60 /* NSObject+SBJson.m in Sources */,
				2AF564091CACFED9002C1B70 /* SVIndefiniteAnimatedView.m in Sources */,
				2ACA0D6E1CACE46800DB6A60 /* SBJsonParser.m in Sources */,
				2AF5640F1CAD43E4002C1B70 /* PQActionSheet.m in Sources */,
				2ACA0D711CACE46800DB6A60 /* SBJsonStreamParserAdapter.m in Sources */,
				2A7A95311CA372330088F4C2 /* main.m in Sources */,
				2ACA0D721CACE46800DB6A60 /* SBJsonStreamParserState.m in Sources */,
				2ACA0D701CACE46800DB6A60 /* SBJsonStreamParserAccumulator.m in Sources */,
				2ACA0D6D1CACE46800DB6A60 /* NSString+SBJSON.m in Sources */,
			);
			runOnlyForDeploymentPostprocessing = 0;
		};
		2A7A95411CA372330088F4C2 /* Sources */ = {
			isa = PBXSourcesBuildPhase;
			buildActionMask = 2147483647;
			files = (
				2A7A954A1CA372330088F4C2 /* iOS_ProTests.m in Sources */,
			);
			runOnlyForDeploymentPostprocessing = 0;
		};
		2A7A954C1CA372330088F4C2 /* Sources */ = {
			isa = PBXSourcesBuildPhase;
			buildActionMask = 2147483647;
			files = (
				2A7A95551CA372330088F4C2 /* iOS_ProUITests.m in Sources */,
			);
			runOnlyForDeploymentPostprocessing = 0;
		};
/* End PBXSourcesBuildPhase section */

/* Begin PBXTargetDependency section */
		2A7A95471CA372330088F4C2 /* PBXTargetDependency */ = {
			isa = PBXTargetDependency;
			target = 2A7A952B1CA372330088F4C2 /* iOS-Pro */;
			targetProxy = 2A7A95461CA372330088F4C2 /* PBXContainerItemProxy */;
		};
		2A7A95521CA372330088F4C2 /* PBXTargetDependency */ = {
			isa = PBXTargetDependency;
			target = 2A7A952B1CA372330088F4C2 /* iOS-Pro */;
			targetProxy = 2A7A95511CA372330088F4C2 /* PBXContainerItemProxy */;
		};
/* End PBXTargetDependency section */

/* Begin PBXVariantGroup section */
		2A7A953D1CA372330088F4C2 /* LaunchScreen.storyboard */ = {
			isa = PBXVariantGroup;
			children = (
				2A7A953E1CA372330088F4C2 /* Base */,
			);
			name = LaunchScreen.storyboard;
			sourceTree = "<group>";
		};
/* End PBXVariantGroup section */

/* Begin XCBuildConfiguration section */
		2A7A95571CA372330088F4C2 /* Debug */ = {
			isa = XCBuildConfiguration;
			buildSettings = {
				ALWAYS_SEARCH_USER_PATHS = NO;
				CLANG_CXX_LANGUAGE_STANDARD = "gnu++0x";
				CLANG_CXX_LIBRARY = "libc++";
				CLANG_ENABLE_MODULES = YES;
				CLANG_ENABLE_OBJC_ARC = YES;
				CLANG_WARN_BOOL_CONVERSION = YES;
				CLANG_WARN_CONSTANT_CONVERSION = YES;
				CLANG_WARN_DIRECT_OBJC_ISA_USAGE = YES_ERROR;
				CLANG_WARN_EMPTY_BODY = YES;
				CLANG_WARN_ENUM_CONVERSION = YES;
				CLANG_WARN_INT_CONVERSION = YES;
				CLANG_WARN_OBJC_ROOT_CLASS = YES_ERROR;
				CLANG_WARN_UNREACHABLE_CODE = YES;
				CLANG_WARN__DUPLICATE_METHOD_MATCH = YES;
				"CODE_SIGN_IDENTITY[sdk=iphoneos*]" = "iPhone Developer";
				COPY_PHASE_STRIP = NO;
				DEBUG_INFORMATION_FORMAT = dwarf;
				ENABLE_STRICT_OBJC_MSGSEND = YES;
				ENABLE_TESTABILITY = YES;
				GCC_C_LANGUAGE_STANDARD = gnu99;
				GCC_DYNAMIC_NO_PIC = NO;
				GCC_NO_COMMON_BLOCKS = YES;
				GCC_OPTIMIZATION_LEVEL = 0;
				GCC_PREPROCESSOR_DEFINITIONS = (
					"DEBUG=1",
					"$(inherited)",
				);
				GCC_WARN_64_TO_32_BIT_CONVERSION = YES;
				GCC_WARN_ABOUT_RETURN_TYPE = YES_ERROR;
				GCC_WARN_UNDECLARED_SELECTOR = YES;
				GCC_WARN_UNINITIALIZED_AUTOS = YES_AGGRESSIVE;
				GCC_WARN_UNUSED_FUNCTION = YES;
				GCC_WARN_UNUSED_VARIABLE = YES;
				IPHONEOS_DEPLOYMENT_TARGET = 9.2;
				MTL_ENABLE_DEBUG_INFO = YES;
				ONLY_ACTIVE_ARCH = YES;
				SDKROOT = iphoneos;
				TARGETED_DEVICE_FAMILY = "1,2";
			};
			name = Debug;
		};
		2A7A95581CA372330088F4C2 /* Release */ = {
			isa = XCBuildConfiguration;
			buildSettings = {
				ALWAYS_SEARCH_USER_PATHS = NO;
				CLANG_CXX_LANGUAGE_STANDARD = "gnu++0x";
				CLANG_CXX_LIBRARY = "libc++";
				CLANG_ENABLE_MODULES = YES;
				CLANG_ENABLE_OBJC_ARC = YES;
				CLANG_WARN_BOOL_CONVERSION = YES;
				CLANG_WARN_CONSTANT_CONVERSION = YES;
				CLANG_WARN_DIRECT_OBJC_ISA_USAGE = YES_ERROR;
				CLANG_WARN_EMPTY_BODY = YES;
				CLANG_WARN_ENUM_CONVERSION = YES;
				CLANG_WARN_INT_CONVERSION = YES;
				CLANG_WARN_OBJC_ROOT_CLASS = YES_ERROR;
				CLANG_WARN_UNREACHABLE_CODE = YES;
				CLANG_WARN__DUPLICATE_METHOD_MATCH = YES;
				"CODE_SIGN_IDENTITY[sdk=iphoneos*]" = "iPhone Developer";
				COPY_PHASE_STRIP = NO;
				DEBUG_INFORMATION_FORMAT = "dwarf-with-dsym";
				ENABLE_NS_ASSERTIONS = NO;
				ENABLE_STRICT_OBJC_MSGSEND = YES;
				GCC_C_LANGUAGE_STANDARD = gnu99;
				GCC_NO_COMMON_BLOCKS = YES;
				GCC_WARN_64_TO_32_BIT_CONVERSION = YES;
				GCC_WARN_ABOUT_RETURN_TYPE = YES_ERROR;
				GCC_WARN_UNDECLARED_SELECTOR = YES;
				GCC_WARN_UNINITIALIZED_AUTOS = YES_AGGRESSIVE;
				GCC_WARN_UNUSED_FUNCTION = YES;
				GCC_WARN_UNUSED_VARIABLE = YES;
				IPHONEOS_DEPLOYMENT_TARGET = 9.2;
				MTL_ENABLE_DEBUG_INFO = NO;
				SDKROOT = iphoneos;
				TARGETED_DEVICE_FAMILY = "1,2";
				VALIDATE_PRODUCT = YES;
			};
			name = Release;
		};
		2A7A955A1CA372330088F4C2 /* Debug */ = {
			isa = XCBuildConfiguration;
			baseConfigurationReference = 2A71912B0B96D979B75F5ADD /* Pods.debug.xcconfig */;
			buildSettings = {
				ASSETCATALOG_COMPILER_APPICON_NAME = AppIcon;
				CLANG_ENABLE_OBJC_WEAK = YES;
				GCC_PREFIX_HEADER = "iOS-Pro/iOS-Pro.pch";
				INFOPLIST_FILE = "iOS-Pro/Info.plist";
				IPHONEOS_DEPLOYMENT_TARGET = 8.0;
				LD_RUNPATH_SEARCH_PATHS = "$(inherited) @executable_path/Frameworks";
				PRODUCT_BUNDLE_IDENTIFIER = "caigehui.iOS-Pro";
				PRODUCT_NAME = "$(TARGET_NAME)";
			};
			name = Debug;
		};
		2A7A955B1CA372330088F4C2 /* Release */ = {
			isa = XCBuildConfiguration;
			baseConfigurationReference = 0C50F9493BE9D6478D21336F /* Pods.release.xcconfig */;
			buildSettings = {
				ASSETCATALOG_COMPILER_APPICON_NAME = AppIcon;
				CLANG_ENABLE_OBJC_WEAK = YES;
				GCC_PREFIX_HEADER = "iOS-Pro/iOS-Pro.pch";
				INFOPLIST_FILE = "iOS-Pro/Info.plist";
				IPHONEOS_DEPLOYMENT_TARGET = 8.0;
				LD_RUNPATH_SEARCH_PATHS = "$(inherited) @executable_path/Frameworks";
				PRODUCT_BUNDLE_IDENTIFIER = "caigehui.iOS-Pro";
				PRODUCT_NAME = "$(TARGET_NAME)";
			};
			name = Release;
		};
		2A7A955D1CA372330088F4C2 /* Debug */ = {
			isa = XCBuildConfiguration;
			buildSettings = {
				BUNDLE_LOADER = "$(TEST_HOST)";
				INFOPLIST_FILE = "iOS-ProTests/Info.plist";
				LD_RUNPATH_SEARCH_PATHS = "$(inherited) @executable_path/Frameworks @loader_path/Frameworks";
				PRODUCT_BUNDLE_IDENTIFIER = "caigehui.iOS-ProTests";
				PRODUCT_NAME = "$(TARGET_NAME)";
				TEST_HOST = "$(BUILT_PRODUCTS_DIR)/iOS-Pro.app/iOS-Pro";
			};
			name = Debug;
		};
		2A7A955E1CA372330088F4C2 /* Release */ = {
			isa = XCBuildConfiguration;
			buildSettings = {
				BUNDLE_LOADER = "$(TEST_HOST)";
				INFOPLIST_FILE = "iOS-ProTests/Info.plist";
				LD_RUNPATH_SEARCH_PATHS = "$(inherited) @executable_path/Frameworks @loader_path/Frameworks";
				PRODUCT_BUNDLE_IDENTIFIER = "caigehui.iOS-ProTests";
				PRODUCT_NAME = "$(TARGET_NAME)";
				TEST_HOST = "$(BUILT_PRODUCTS_DIR)/iOS-Pro.app/iOS-Pro";
			};
			name = Release;
		};
		2A7A95601CA372330088F4C2 /* Debug */ = {
			isa = XCBuildConfiguration;
			buildSettings = {
				INFOPLIST_FILE = "iOS-ProUITests/Info.plist";
				LD_RUNPATH_SEARCH_PATHS = "$(inherited) @executable_path/Frameworks @loader_path/Frameworks";
				PRODUCT_BUNDLE_IDENTIFIER = "caigehui.iOS-ProUITests";
				PRODUCT_NAME = "$(TARGET_NAME)";
				TEST_TARGET_NAME = "iOS-Pro";
				USES_XCTRUNNER = YES;
			};
			name = Debug;
		};
		2A7A95611CA372330088F4C2 /* Release */ = {
			isa = XCBuildConfiguration;
			buildSettings = {
				INFOPLIST_FILE = "iOS-ProUITests/Info.plist";
				LD_RUNPATH_SEARCH_PATHS = "$(inherited) @executable_path/Frameworks @loader_path/Frameworks";
				PRODUCT_BUNDLE_IDENTIFIER = "caigehui.iOS-ProUITests";
				PRODUCT_NAME = "$(TARGET_NAME)";
				TEST_TARGET_NAME = "iOS-Pro";
				USES_XCTRUNNER = YES;
			};
			name = Release;
		};
/* End XCBuildConfiguration section */

/* Begin XCConfigurationList section */
		2A7A95271CA372330088F4C2 /* Build configuration list for PBXProject "iOS-Pro" */ = {
			isa = XCConfigurationList;
			buildConfigurations = (
				2A7A95571CA372330088F4C2 /* Debug */,
				2A7A95581CA372330088F4C2 /* Release */,
			);
			defaultConfigurationIsVisible = 0;
			defaultConfigurationName = Release;
		};
		2A7A95591CA372330088F4C2 /* Build configuration list for PBXNativeTarget "iOS-Pro" */ = {
			isa = XCConfigurationList;
			buildConfigurations = (
				2A7A955A1CA372330088F4C2 /* Debug */,
				2A7A955B1CA372330088F4C2 /* Release */,
			);
			defaultConfigurationIsVisible = 0;
			defaultConfigurationName = Release;
		};
		2A7A955C1CA372330088F4C2 /* Build configuration list for PBXNativeTarget "iOS-ProTests" */ = {
			isa = XCConfigurationList;
			buildConfigurations = (
				2A7A955D1CA372330088F4C2 /* Debug */,
				2A7A955E1CA372330088F4C2 /* Release */,
			);
			defaultConfigurationIsVisible = 0;
			defaultConfigurationName = Release;
		};
		2A7A955F1CA372330088F4C2 /* Build configuration list for PBXNativeTarget "iOS-ProUITests" */ = {
			isa = XCConfigurationList;
			buildConfigurations = (
				2A7A95601CA372330088F4C2 /* Debug */,
				2A7A95611CA372330088F4C2 /* Release */,
			);
			defaultConfigurationIsVisible = 0;
			defaultConfigurationName = Release;
		};
/* End XCConfigurationList section */
	};
	rootObject = 2A7A95241CA372330088F4C2 /* Project object */;
}
